
Microsoft Visual Studio Solution File, Format Version 12.00
# Visual Studio Version 17
VisualStudioVersion = 17.14.36401.2
MinimumVisualStudioVersion = 10.0.40219.1
Project("{FAE04EC0-301F-11D3-BF4B-00C04F79EFBC}") = "BulkyWeb", "BulkyWeb\BulkyWeb.csproj", "{2B17B5E3-EAFA-43BF-9039-D4450F79D3F9}"
EndProject
Project("{FAE04EC0-301F-11D3-BF4B-00C04F79EFBC}") = "Bulky.DataAccess", "Bulky.DataAccess\Bulky.DataAccess.csproj", "{A88957D5-909A-4C98-9A20-B4CAD854D7CA}"
EndProject
Project("{FAE04EC0-301F-11D3-BF4B-00C04F79EFBC}") = "Bulky.Models", "Bulky.Models\Bulky.Models.csproj", "{439FBA1E-2A64-48DB-A7B8-75AC0E89DDE0}"
EndProject
Project("{FAE04EC0-301F-11D3-BF4B-00C04F79EFBC}") = "Bulky.Utility", "Bulky.Utility\Bulky.Utility.csproj", "{AB469141-603C-4B65-9D9F-732D2CF31B55}"
EndProject
Global
	GlobalSection(SolutionConfigurationPlatforms) = preSolution
		Debug|Any CPU = Debug|Any CPU
		Release|Any CPU = Release|Any CPU
	EndGlobalSection
	GlobalSection(ProjectConfigurationPlatforms) = postSolution
		{2B17B5E3-EAFA-43BF-9039-D4450F79D3F9}.Debug|Any CPU.ActiveCfg = Debug|Any CPU
		{2B17B5E3-EAFA-43BF-9039-D4450F79D3F9}.Debug|Any CPU.Build.0 = Debug|Any CPU
		{2B17B5E3-EAFA-43BF-9039-D4450F79D3F9}.Release|Any CPU.ActiveCfg = Release|Any CPU
		{2B17B5E3-EAFA-43BF-9039-D4450F79D3F9}.Release|Any CPU.Build.0 = Release|Any CPU
		{A88957D5-909A-4C98-9A20-B4CAD854D7CA}.Debug|Any CPU.ActiveCfg = Debug|Any CPU
		{A88957D5-909A-4C98-9A20-B4CAD854D7CA}.Debug|Any CPU.Build.0 = Debug|Any CPU
		{A88957D5-909A-4C98-9A20-B4CAD854D7CA}.Release|Any CPU.ActiveCfg = Release|Any CPU
		{A88957D5-909A-4C98-9A20-B4CAD854D7CA}.Release|Any CPU.Build.0 = Release|Any CPU
		{439FBA1E-2A64-48DB-A7B8-75AC0E89DDE0}.Debug|Any CPU.ActiveCfg = Debug|Any CPU
		{439FBA1E-2A64-48DB-A7B8-75AC0E89DDE0}.Debug|Any CPU.Build.0 = Debug|Any CPU
		{439FBA1E-2A64-48DB-A7B8-75AC0E89DDE0}.Release|Any CPU.ActiveCfg = Release|Any CPU
		{439FBA1E-2A64-48DB-A7B8-75AC0E89DDE0}.Release|Any CPU.Build.0 = Release|Any CPU
		{AB469141-603C-4B65-9D9F-732D2CF31B55}.Debug|Any CPU.ActiveCfg = Debug|Any CPU
		{AB469141-603C-4B65-9D9F-732D2CF31B55}.Debug|Any CPU.Build.0 = Debug|Any CPU
		{AB469141-603C-4B65-9D9F-732D2CF31B55}.Release|Any CPU.ActiveCfg = Release|Any CPU
		{AB469141-603C-4B65-9D9F-732D2CF31B55}.Release|Any CPU.Build.0 = Release|Any CPU
	EndGlobalSection
	GlobalSection(SolutionProperties) = preSolution
		HideSolutionNode = FALSE
	EndGlobalSection
	GlobalSection(ExtensibilityGlobals) = postSolution
		SolutionGuid = {9484C132-6E22-4444-9F0D-D2DD534AD452}
	EndGlobalSection
EndGlobal
